
Microsoft Visual Studio Solution File, Format Version 12.00
# Visual Studio Version 16
VisualStudioVersion = 16.0.30611.23
MinimumVisualStudioVersion = 10.0.40219.1
Project("{FAE04EC0-301F-11D3-BF4B-00C04F79EFBC}") = "Constantin_Mihai_lab8", "Constantin_Mihai_lab8.csproj", "{EBAAC62E-6920-4FC4-A874-BB5D068A27AA}"
EndProject
Global
	GlobalSection(SolutionConfigurationPlatforms) = preSolution
		Debug|Any CPU = Debug|Any CPU
		Release|Any CPU = Release|Any CPU
	EndGlobalSection
	GlobalSection(ProjectConfigurationPlatforms) = postSolution
		{EBAAC62E-6920-4FC4-A874-BB5D068A27AA}.Debug|Any CPU.ActiveCfg = Debug|Any CPU
		{EBAAC62E-6920-4FC4-A874-BB5D068A27AA}.Debug|Any CPU.Build.0 = Debug|Any CPU
		{EBAAC62E-6920-4FC4-A874-BB5D068A27AA}.Release|Any CPU.ActiveCfg = Release|Any CPU
		{EBAAC62E-6920-4FC4-A874-BB5D068A27AA}.Release|Any CPU.Build.0 = Release|Any CPU
	EndGlobalSection
	GlobalSection(SolutionProperties) = preSolution
		HideSolutionNode = FALSE
	EndGlobalSection
	GlobalSection(ExtensibilityGlobals) = postSolution
		SolutionGuid = {7A569E5C-EDE2-4C42-99EF-B9B6BD7C4B51}
	EndGlobalSection
EndGlobal
